{
  "name": "hazeteam-openclaw",
  "version": "0.0.0",
  "lockfileVersion": 3,
  "requires": true,
  "packages": {
    "": {
      "name": "hazeteam-openclaw",
      "version": "0.0.0",
      "workspaces": [
        "packages/domain-lifeos",
        "packages/openclaw-adapter",
        "packages/openclaw-plugin-runtime",
        "packages/openclaw-telegram-transport",
        "packages/openclaw-testkit",
        "packages/oca-wrapper"
      ],
      "devDependencies": {
        "typescript": "^5.8.3"
      },
      "engines": {
        "node": ">=20"
      }
    },
    "node_modules/@hazeteam/domain-lifeos": {
      "resolved": "packages/domain-lifeos",
      "link": true
    },
    "node_modules/@hazeteam/oca-wrapper": {
      "resolved": "packages/oca-wrapper",
      "link": true
    },
    "node_modules/@hazeteam/openclaw-adapter": {
      "resolved": "packages/openclaw-adapter",
      "link": true
    },
    "node_modules/@hazeteam/openclaw-plugin-runtime": {
      "resolved": "packages/openclaw-plugin-runtime",
      "link": true
    },
    "node_modules/@hazeteam/openclaw-telegram-transport": {
      "resolved": "packages/openclaw-telegram-transport",
      "link": true
    },
    "node_modules/@hazeteam/openclaw-testkit": {
      "resolved": "packages/openclaw-testkit",
      "link": true
    },
    "node_modules/typescript": {
      "version": "5.9.3",
      "dev": true,
      "license": "Apache-2.0",
      "bin": {
        "tsc": "bin/tsc",
        "tsserver": "bin/tsserver"
      },
      "engines": {
        "node": ">=14.17"
      },
      "resolved": "https://registry.npmjs.org/typescript/-/typescript-5.9.3.tgz",
      "integrity": "sha512-jl1vZzPDinLr9eUt3J/t7V6FgNEw9QjvBPdysz9KfQDD41fQrC2Y4vKQdiaUpFT4bXlb1RHhLpp8wtm6M5TgSw=="
    },
    "packages/domain-lifeos": {
      "name": "@hazeteam/domain-lifeos",
      "version": "0.0.0"
    },
    "packages/oca-wrapper": {
      "name": "@hazeteam/oca-wrapper",
      "version": "0.0.0"
    },
    "packages/openclaw-adapter": {
      "name": "@hazeteam/openclaw-adapter",
      "version": "0.0.0"
    },
    "packages/openclaw-plugin-runtime": {
      "name": "@hazeteam/openclaw-plugin-runtime",
      "version": "0.0.0"
    },
    "packages/openclaw-telegram-transport": {
      "name": "@hazeteam/openclaw-telegram-transport",
      "version": "0.0.0"
    },
    "packages/openclaw-testkit": {
      "name": "@hazeteam/openclaw-testkit",
      "version": "0.0.0"
    }
  }
}
